
Microsoft Visual Studio Solution File, Format Version 12.00
# Visual Studio Version 17
VisualStudioVersion = 17.0.31903.59
MinimumVisualStudioVersion = 10.0.40219.1
Project("{FAE04EC0-301F-11D3-BF4B-00C04F79EFBC}") = "Habari", "Habari\Habari.csproj", "{A62D995B-46CC-4AB7-ABAC-539C9540CE80}"
EndProject
Project("{FAE04EC0-301F-11D3-BF4B-00C04F79EFBC}") = "Habari.Library", "Habari.Library\Habari.Library.csproj", "{275FBC33-CAAA-4A97-91AB-631343ED9646}"
EndProject
Project("{2150E333-8FDC-42A3-9474-1A3956D46DE8}") = "Actions", "Actions", "{FBEEC513-A84C-4B80-8B4A-1F71CB3D1373}"
EndProject
Project("{2150E333-8FDC-42A3-9474-1A3956D46DE8}") = "Listeners", "Listeners", "{735A8C50-99AC-4E88-8267-803A09BA7ECC}"
EndProject
Project("{2150E333-8FDC-42A3-9474-1A3956D46DE8}") = "Url", "Url", "{AA96EB82-F98E-4F6D-81C3-9695C11BB2A1}"
EndProject
Project("{2150E333-8FDC-42A3-9474-1A3956D46DE8}") = "File", "File", "{1F0019FB-BA61-4037-BA36-3707F6777FC5}"
EndProject
Project("{2150E333-8FDC-42A3-9474-1A3956D46DE8}") = "Url", "Url", "{3165A5C0-A468-44DD-A873-33DA38A4677D}"
EndProject
Project("{FAE04EC0-301F-11D3-BF4B-00C04F79EFBC}") = "Habari.Listeners.Url", "Habari.Listeners.Url\Habari.Listeners.Url.csproj", "{2C62AAFA-0666-4A2D-992A-09B901BBF35D}"
EndProject
Project("{FAE04EC0-301F-11D3-BF4B-00C04F79EFBC}") = "Habari.Actions.File", "Habari.Actions.File\Habari.Actions.File.csproj", "{F7D28C24-D1B8-491E-B0F7-4C34C4538EBE}"
EndProject
Project("{FAE04EC0-301F-11D3-BF4B-00C04F79EFBC}") = "Habari.Actions.Url", "Habari.Actions.Url\Habari.Actions.Url.csproj", "{641152B5-368E-40BE-BC15-0079D6ECC17E}"
EndProject
Project("{2150E333-8FDC-42A3-9474-1A3956D46DE8}") = "Database", "Database", "{F9A3666A-3360-4EA4-9B88-B7BA8162A161}"
EndProject
Project("{FAE04EC0-301F-11D3-BF4B-00C04F79EFBC}") = "Habari.Actions.Database", "Habari.Actions.Database\Habari.Actions.Database.csproj", "{DA38BBEE-54EE-4E2D-ADCB-EB4AC90B5D0D}"
EndProject
Global
	GlobalSection(SolutionConfigurationPlatforms) = preSolution
		Debug|Any CPU = Debug|Any CPU
		Debug|x64 = Debug|x64
		Debug|x86 = Debug|x86
		Release|Any CPU = Release|Any CPU
		Release|x64 = Release|x64
		Release|x86 = Release|x86
	EndGlobalSection
	GlobalSection(ProjectConfigurationPlatforms) = postSolution
		{A62D995B-46CC-4AB7-ABAC-539C9540CE80}.Debug|Any CPU.ActiveCfg = Debug|Any CPU
		{A62D995B-46CC-4AB7-ABAC-539C9540CE80}.Debug|Any CPU.Build.0 = Debug|Any CPU
		{A62D995B-46CC-4AB7-ABAC-539C9540CE80}.Debug|x64.ActiveCfg = Debug|x64
		{A62D995B-46CC-4AB7-ABAC-539C9540CE80}.Debug|x64.Build.0 = Debug|x64
		{A62D995B-46CC-4AB7-ABAC-539C9540CE80}.Debug|x86.ActiveCfg = Debug|x86
		{A62D995B-46CC-4AB7-ABAC-539C9540CE80}.Debug|x86.Build.0 = Debug|x86
		{A62D995B-46CC-4AB7-ABAC-539C9540CE80}.Release|Any CPU.ActiveCfg = Release|Any CPU
		{A62D995B-46CC-4AB7-ABAC-539C9540CE80}.Release|Any CPU.Build.0 = Release|Any CPU
		{A62D995B-46CC-4AB7-ABAC-539C9540CE80}.Release|x64.ActiveCfg = Release|x64
		{A62D995B-46CC-4AB7-ABAC-539C9540CE80}.Release|x64.Build.0 = Release|x64
		{A62D995B-46CC-4AB7-ABAC-539C9540CE80}.Release|x86.ActiveCfg = Release|x86
		{A62D995B-46CC-4AB7-ABAC-539C9540CE80}.Release|x86.Build.0 = Release|x86
		{275FBC33-CAAA-4A97-91AB-631343ED9646}.Debug|Any CPU.ActiveCfg = Debug|Any CPU
		{275FBC33-CAAA-4A97-91AB-631343ED9646}.Debug|Any CPU.Build.0 = Debug|Any CPU
		{275FBC33-CAAA-4A97-91AB-631343ED9646}.Debug|x64.ActiveCfg = Debug|Any CPU
		{275FBC33-CAAA-4A97-91AB-631343ED9646}.Debug|x64.Build.0 = Debug|Any CPU
		{275FBC33-CAAA-4A97-91AB-631343ED9646}.Debug|x86.ActiveCfg = Debug|Any CPU
		{275FBC33-CAAA-4A97-91AB-631343ED9646}.Debug|x86.Build.0 = Debug|Any CPU
		{275FBC33-CAAA-4A97-91AB-631343ED9646}.Release|Any CPU.ActiveCfg = Release|Any CPU
		{275FBC33-CAAA-4A97-91AB-631343ED9646}.Release|Any CPU.Build.0 = Release|Any CPU
		{275FBC33-CAAA-4A97-91AB-631343ED9646}.Release|x64.ActiveCfg = Release|Any CPU
		{275FBC33-CAAA-4A97-91AB-631343ED9646}.Release|x64.Build.0 = Release|Any CPU
		{275FBC33-CAAA-4A97-91AB-631343ED9646}.Release|x86.ActiveCfg = Release|Any CPU
		{275FBC33-CAAA-4A97-91AB-631343ED9646}.Release|x86.Build.0 = Release|Any CPU
		{2C62AAFA-0666-4A2D-992A-09B901BBF35D}.Debug|Any CPU.ActiveCfg = Debug|Any CPU
		{2C62AAFA-0666-4A2D-992A-09B901BBF35D}.Debug|Any CPU.Build.0 = Debug|Any CPU
		{2C62AAFA-0666-4A2D-992A-09B901BBF35D}.Debug|x64.ActiveCfg = Debug|Any CPU
		{2C62AAFA-0666-4A2D-992A-09B901BBF35D}.Debug|x64.Build.0 = Debug|Any CPU
		{2C62AAFA-0666-4A2D-992A-09B901BBF35D}.Debug|x86.ActiveCfg = Debug|Any CPU
		{2C62AAFA-0666-4A2D-992A-09B901BBF35D}.Debug|x86.Build.0 = Debug|Any CPU
		{2C62AAFA-0666-4A2D-992A-09B901BBF35D}.Release|Any CPU.ActiveCfg = Release|Any CPU
		{2C62AAFA-0666-4A2D-992A-09B901BBF35D}.Release|Any CPU.Build.0 = Release|Any CPU
		{2C62AAFA-0666-4A2D-992A-09B901BBF35D}.Release|x64.ActiveCfg = Release|Any CPU
		{2C62AAFA-0666-4A2D-992A-09B901BBF35D}.Release|x64.Build.0 = Release|Any CPU
		{2C62AAFA-0666-4A2D-992A-09B901BBF35D}.Release|x86.ActiveCfg = Release|Any CPU
		{2C62AAFA-0666-4A2D-992A-09B901BBF35D}.Release|x86.Build.0 = Release|Any CPU
		{F7D28C24-D1B8-491E-B0F7-4C34C4538EBE}.Debug|Any CPU.ActiveCfg = Debug|Any CPU
		{F7D28C24-D1B8-491E-B0F7-4C34C4538EBE}.Debug|Any CPU.Build.0 = Debug|Any CPU
		{F7D28C24-D1B8-491E-B0F7-4C34C4538EBE}.Debug|x64.ActiveCfg = Debug|Any CPU
		{F7D28C24-D1B8-491E-B0F7-4C34C4538EBE}.Debug|x64.Build.0 = Debug|Any CPU
		{F7D28C24-D1B8-491E-B0F7-4C34C4538EBE}.Debug|x86.ActiveCfg = Debug|Any CPU
		{F7D28C24-D1B8-491E-B0F7-4C34C4538EBE}.Debug|x86.Build.0 = Debug|Any CPU
		{F7D28C24-D1B8-491E-B0F7-4C34C4538EBE}.Release|Any CPU.ActiveCfg = Release|Any CPU
		{F7D28C24-D1B8-491E-B0F7-4C34C4538EBE}.Release|Any CPU.Build.0 = Release|Any CPU
		{F7D28C24-D1B8-491E-B0F7-4C34C4538EBE}.Release|x64.ActiveCfg = Release|Any CPU
		{F7D28C24-D1B8-491E-B0F7-4C34C4538EBE}.Release|x64.Build.0 = Release|Any CPU
		{F7D28C24-D1B8-491E-B0F7-4C34C4538EBE}.Release|x86.ActiveCfg = Release|Any CPU
		{F7D28C24-D1B8-491E-B0F7-4C34C4538EBE}.Release|x86.Build.0 = Release|Any CPU
		{641152B5-368E-40BE-BC15-0079D6ECC17E}.Debug|Any CPU.ActiveCfg = Debug|Any CPU
		{641152B5-368E-40BE-BC15-0079D6ECC17E}.Debug|Any CPU.Build.0 = Debug|Any CPU
		{641152B5-368E-40BE-BC15-0079D6ECC17E}.Debug|x64.ActiveCfg = Debug|Any CPU
		{641152B5-368E-40BE-BC15-0079D6ECC17E}.Debug|x64.Build.0 = Debug|Any CPU
		{641152B5-368E-40BE-BC15-0079D6ECC17E}.Debug|x86.ActiveCfg = Debug|Any CPU
		{641152B5-368E-40BE-BC15-0079D6ECC17E}.Debug|x86.Build.0 = Debug|Any CPU
		{641152B5-368E-40BE-BC15-0079D6ECC17E}.Release|Any CPU.ActiveCfg = Release|Any CPU
		{641152B5-368E-40BE-BC15-0079D6ECC17E}.Release|Any CPU.Build.0 = Release|Any CPU
		{641152B5-368E-40BE-BC15-0079D6ECC17E}.Release|x64.ActiveCfg = Release|Any CPU
		{641152B5-368E-40BE-BC15-0079D6ECC17E}.Release|x64.Build.0 = Release|Any CPU
		{641152B5-368E-40BE-BC15-0079D6ECC17E}.Release|x86.ActiveCfg = Release|Any CPU
		{641152B5-368E-40BE-BC15-0079D6ECC17E}.Release|x86.Build.0 = Release|Any CPU
		{DA38BBEE-54EE-4E2D-ADCB-EB4AC90B5D0D}.Debug|Any CPU.ActiveCfg = Debug|Any CPU
		{DA38BBEE-54EE-4E2D-ADCB-EB4AC90B5D0D}.Debug|Any CPU.Build.0 = Debug|Any CPU
		{DA38BBEE-54EE-4E2D-ADCB-EB4AC90B5D0D}.Debug|x64.ActiveCfg = Debug|Any CPU
		{DA38BBEE-54EE-4E2D-ADCB-EB4AC90B5D0D}.Debug|x64.Build.0 = Debug|Any CPU
		{DA38BBEE-54EE-4E2D-ADCB-EB4AC90B5D0D}.Debug|x86.ActiveCfg = Debug|Any CPU
		{DA38BBEE-54EE-4E2D-ADCB-EB4AC90B5D0D}.Debug|x86.Build.0 = Debug|Any CPU
		{DA38BBEE-54EE-4E2D-ADCB-EB4AC90B5D0D}.Release|Any CPU.ActiveCfg = Release|Any CPU
		{DA38BBEE-54EE-4E2D-ADCB-EB4AC90B5D0D}.Release|Any CPU.Build.0 = Release|Any CPU
		{DA38BBEE-54EE-4E2D-ADCB-EB4AC90B5D0D}.Release|x64.ActiveCfg = Release|Any CPU
		{DA38BBEE-54EE-4E2D-ADCB-EB4AC90B5D0D}.Release|x64.Build.0 = Release|Any CPU
		{DA38BBEE-54EE-4E2D-ADCB-EB4AC90B5D0D}.Release|x86.ActiveCfg = Release|Any CPU
		{DA38BBEE-54EE-4E2D-ADCB-EB4AC90B5D0D}.Release|x86.Build.0 = Release|Any CPU
	EndGlobalSection
	GlobalSection(SolutionProperties) = preSolution
		HideSolutionNode = FALSE
	EndGlobalSection
	GlobalSection(NestedProjects) = preSolution
		{AA96EB82-F98E-4F6D-81C3-9695C11BB2A1} = {735A8C50-99AC-4E88-8267-803A09BA7ECC}
		{1F0019FB-BA61-4037-BA36-3707F6777FC5} = {FBEEC513-A84C-4B80-8B4A-1F71CB3D1373}
		{3165A5C0-A468-44DD-A873-33DA38A4677D} = {FBEEC513-A84C-4B80-8B4A-1F71CB3D1373}
		{2C62AAFA-0666-4A2D-992A-09B901BBF35D} = {AA96EB82-F98E-4F6D-81C3-9695C11BB2A1}
		{F7D28C24-D1B8-491E-B0F7-4C34C4538EBE} = {1F0019FB-BA61-4037-BA36-3707F6777FC5}
		{641152B5-368E-40BE-BC15-0079D6ECC17E} = {3165A5C0-A468-44DD-A873-33DA38A4677D}
		{F9A3666A-3360-4EA4-9B88-B7BA8162A161} = {FBEEC513-A84C-4B80-8B4A-1F71CB3D1373}
		{DA38BBEE-54EE-4E2D-ADCB-EB4AC90B5D0D} = {F9A3666A-3360-4EA4-9B88-B7BA8162A161}
	EndGlobalSection
EndGlobal
